
Microsoft Visual Studio Solution File, Format Version 12.00
# Visual Studio Version 16
VisualStudioVersion = 16.0.31205.134
MinimumVisualStudioVersion = 10.0.40219.1
Project("{FAE04EC0-301F-11D3-BF4B-00C04F79EFBC}") = "Layer.Aplication", "Layer.Aplication\Layer.Aplication.csproj", "{1315094D-D840-4C44-B502-038003451F1C}"
EndProject
Global
	GlobalSection(SolutionConfigurationPlatforms) = preSolution
		Debug|Any CPU = Debug|Any CPU
		Release|Any CPU = Release|Any CPU
	EndGlobalSection
	GlobalSection(ProjectConfigurationPlatforms) = postSolution
		{1315094D-D840-4C44-B502-038003451F1C}.Debug|Any CPU.ActiveCfg = Debug|Any CPU
		{1315094D-D840-4C44-B502-038003451F1C}.Debug|Any CPU.Build.0 = Debug|Any CPU
		{1315094D-D840-4C44-B502-038003451F1C}.Release|Any CPU.ActiveCfg = Release|Any CPU
		{1315094D-D840-4C44-B502-038003451F1C}.Release|Any CPU.Build.0 = Release|Any CPU
	EndGlobalSection
	GlobalSection(SolutionProperties) = preSolution
		HideSolutionNode = FALSE
	EndGlobalSection
	GlobalSection(ExtensibilityGlobals) = postSolution
		SolutionGuid = {4C2C3783-A7CD-409B-B17B-356F6154187A}
	EndGlobalSection
EndGlobal
